// !$*UTF8*$!
{
	archiveVersion = 1;
	classes = {
	};
	objectVersion = 48;
	objects = {

/* Begin PBXBuildFile section */
		398760C87FCBE25ECFEE1B90 /* Pods_upcoming_movies_upcoming_moviesTests.framework in Frameworks */ = {isa = PBXBuildFile; fileRef = 1D3C3D3C49E51488530E35BA /* Pods_upcoming_movies_upcoming_moviesTests.framework */; };
		4A22CE11203F38F8008E84F9 /* AppDelegate.swift in Sources */ = {isa = PBXBuildFile; fileRef = 4A22CE10203F38F8008E84F9 /* AppDelegate.swift */; };
		4A22CE13203F38F8008E84F9 /* ViewController.swift in Sources */ = {isa = PBXBuildFile; fileRef = 4A22CE12203F38F8008E84F9 /* ViewController.swift */; };
		4A22CE16203F38F8008E84F9 /* Main.storyboard in Resources */ = {isa = PBXBuildFile; fileRef = 4A22CE14203F38F8008E84F9 /* Main.storyboard */; };
		4A22CE18203F38F8008E84F9 /* Assets.xcassets in Resources */ = {isa = PBXBuildFile; fileRef = 4A22CE17203F38F8008E84F9 /* Assets.xcassets */; };
		4A22CE1B203F38F8008E84F9 /* LaunchScreen.storyboard in Resources */ = {isa = PBXBuildFile; fileRef = 4A22CE19203F38F8008E84F9 /* LaunchScreen.storyboard */; };
		4A22CE26203F38F8008E84F9 /* upcoming_moviesTests.swift in Sources */ = {isa = PBXBuildFile; fileRef = 4A22CE25203F38F8008E84F9 /* upcoming_moviesTests.swift */; };
		4A22CE31203F412D008E84F9 /* MovieCollectionViewCell.swift in Sources */ = {isa = PBXBuildFile; fileRef = 4A22CE30203F412D008E84F9 /* MovieCollectionViewCell.swift */; };
		4A22CE38203F842B008E84F9 /* DownloadFromURL.swift in Sources */ = {isa = PBXBuildFile; fileRef = 4A22CE37203F842B008E84F9 /* DownloadFromURL.swift */; };
		4A6A265120441802002A8F4B /* MoviesCollectionActions.swift in Sources */ = {isa = PBXBuildFile; fileRef = 4A6A265020441802002A8F4B /* MoviesCollectionActions.swift */; };
		4A6A265320441848002A8F4B /* MoviesCollectionReducer.swift in Sources */ = {isa = PBXBuildFile; fileRef = 4A6A265220441848002A8F4B /* MoviesCollectionReducer.swift */; };
		4A6A265520441872002A8F4B /* MoviesCollectionState.swift in Sources */ = {isa = PBXBuildFile; fileRef = 4A6A265420441872002A8F4B /* MoviesCollectionState.swift */; };
		4A6EC9192040689400B2F649 /* MovieDetailViewController.swift in Sources */ = {isa = PBXBuildFile; fileRef = 4A6EC9182040689400B2F649 /* MovieDetailViewController.swift */; };
		4ABEE9BB2040B5ED00DD0CCB /* ReSwift.framework in Frameworks */ = {isa = PBXBuildFile; fileRef = 4ABEE9BC2040B5ED00DD0CCB /* ReSwift.framework */; };
		4ABEE9BF2040B90B00DD0CCB /* RootState.swift in Sources */ = {isa = PBXBuildFile; fileRef = 4ABEE9BE2040B90B00DD0CCB /* RootState.swift */; };
		4ABEE9C12040B93C00DD0CCB /* RootReducer.swift in Sources */ = {isa = PBXBuildFile; fileRef = 4ABEE9C02040B93C00DD0CCB /* RootReducer.swift */; };
		4ABEE9C52040BA0D00DD0CCB /* MovieDetailActions.swift in Sources */ = {isa = PBXBuildFile; fileRef = 4ABEE9C42040BA0D00DD0CCB /* MovieDetailActions.swift */; };
		4ABEE9C72040BBB900DD0CCB /* MovieDetailReducer.swift in Sources */ = {isa = PBXBuildFile; fileRef = 4ABEE9C62040BBB900DD0CCB /* MovieDetailReducer.swift */; };
		4ABEE9C92040BC1800DD0CCB /* MovieDetailState.swift in Sources */ = {isa = PBXBuildFile; fileRef = 4ABEE9C82040BC1800DD0CCB /* MovieDetailState.swift */; };
		4ABEE9CC2040C20600DD0CCB /* MovieCollectionViewManager.swift in Sources */ = {isa = PBXBuildFile; fileRef = 4ABEE9CB2040C20600DD0CCB /* MovieCollectionViewManager.swift */; };
		4ABEE9CE2040C56500DD0CCB /* MoviesRequester.swift in Sources */ = {isa = PBXBuildFile; fileRef = 4ABEE9CD2040C56500DD0CCB /* MoviesRequester.swift */; };
		4ABEE9D12040C5D800DD0CCB /* MovieWrapper.swift in Sources */ = {isa = PBXBuildFile; fileRef = 4ABEE9D02040C5D800DD0CCB /* MovieWrapper.swift */; };
		4ABEE9D32040C65400DD0CCB /* ResultsPage.swift in Sources */ = {isa = PBXBuildFile; fileRef = 4ABEE9D22040C65400DD0CCB /* ResultsPage.swift */; };
		4AD897FD2041D7FC007E19C7 /* MagicalRecord.framework in Frameworks */ = {isa = PBXBuildFile; fileRef = 4AD897FE2041D7FC007E19C7 /* MagicalRecord.framework */; };
		4AD898002041D8AE007E19C7 /* MoviesPersistence.swift in Sources */ = {isa = PBXBuildFile; fileRef = 4AD897FF2041D8AE007E19C7 /* MoviesPersistence.swift */; };
		4AD898032041D95C007E19C7 /* Model.xcdatamodeld in Sources */ = {isa = PBXBuildFile; fileRef = 4AD898012041D95C007E19C7 /* Model.xcdatamodeld */; };
		4AD8980E2041DC9F007E19C7 /* Movie+CoreDataClass.swift in Sources */ = {isa = PBXBuildFile; fileRef = 4AD8980C2041DC9F007E19C7 /* Movie+CoreDataClass.swift */; };
		4AD8980F2041DC9F007E19C7 /* Movie+CoreDataProperties.swift in Sources */ = {isa = PBXBuildFile; fileRef = 4AD8980D2041DC9F007E19C7 /* Movie+CoreDataProperties.swift */; };
		4AD898112041FCA1007E19C7 /* ResultsGenre.swift in Sources */ = {isa = PBXBuildFile; fileRef = 4AD898102041FCA1007E19C7 /* ResultsGenre.swift */; };
		4AD898132041FCCE007E19C7 /* GenreWrapper.swift in Sources */ = {isa = PBXBuildFile; fileRef = 4AD898122041FCCE007E19C7 /* GenreWrapper.swift */; };
		4AED6A3220442AFD00E7A606 /* MovieContainerView.swift in Sources */ = {isa = PBXBuildFile; fileRef = 4AED6A3120442AFD00E7A606 /* MovieContainerView.swift */; };
		D9DC104BB3B7C2480981C513 /* Pods_upcoming_movies.framework in Frameworks */ = {isa = PBXBuildFile; fileRef = 6FE15AEE705278111EA82BE3 /* Pods_upcoming_movies.framework */; };
/* End PBXBuildFile section */

/* Begin PBXContainerItemProxy section */
		4A22CE22203F38F8008E84F9 /* PBXContainerItemProxy */ = {
			isa = PBXContainerItemProxy;
			containerPortal = 4A22CE05203F38F8008E84F9 /* Project object */;
			proxyType = 1;
			remoteGlobalIDString = 4A22CE0C203F38F8008E84F9;
			remoteInfo = "upcoming-movies";
		};
/* End PBXContainerItemProxy section */

/* Begin PBXFileReference section */
		1D3C3D3C49E51488530E35BA /* Pods_upcoming_movies_upcoming_moviesTests.framework */ = {isa = PBXFileReference; explicitFileType = wrapper.framework; includeInIndex = 0; path = Pods_upcoming_movies_upcoming_moviesTests.framework; sourceTree = BUILT_PRODUCTS_DIR; };
		454BDE74DEB873A00C8D82E6 /* Pods-upcoming-movies.debug.xcconfig */ = {isa = PBXFileReference; includeInIndex = 1; lastKnownFileType = text.xcconfig; name = "Pods-upcoming-movies.debug.xcconfig"; path = "Pods/Target Support Files/Pods-upcoming-movies/Pods-upcoming-movies.debug.xcconfig"; sourceTree = "<group>"; };
		4A22CE0D203F38F8008E84F9 /* upcoming-movies.app */ = {isa = PBXFileReference; explicitFileType = wrapper.application; includeInIndex = 0; path = "upcoming-movies.app"; sourceTree = BUILT_PRODUCTS_DIR; };
		4A22CE10203F38F8008E84F9 /* AppDelegate.swift */ = {isa = PBXFileReference; lastKnownFileType = sourcecode.swift; path = AppDelegate.swift; sourceTree = "<group>"; };
		4A22CE12203F38F8008E84F9 /* ViewController.swift */ = {isa = PBXFileReference; lastKnownFileType = sourcecode.swift; path = ViewController.swift; sourceTree = "<group>"; };
		4A22CE15203F38F8008E84F9 /* Base */ = {isa = PBXFileReference; lastKnownFileType = file.storyboard; name = Base; path = Base.lproj/Main.storyboard; sourceTree = "<group>"; };
		4A22CE17203F38F8008E84F9 /* Assets.xcassets */ = {isa = PBXFileReference; lastKnownFileType = folder.assetcatalog; path = Assets.xcassets; sourceTree = "<group>"; };
		4A22CE1A203F38F8008E84F9 /* Base */ = {isa = PBXFileReference; lastKnownFileType = file.storyboard; name = Base; path = Base.lproj/LaunchScreen.storyboard; sourceTree = "<group>"; };
		4A22CE1C203F38F8008E84F9 /* Info.plist */ = {isa = PBXFileReference; lastKnownFileType = text.plist.xml; path = Info.plist; sourceTree = "<group>"; };
		4A22CE21203F38F8008E84F9 /* upcoming-moviesTests.xctest */ = {isa = PBXFileReference; explicitFileType = wrapper.cfbundle; includeInIndex = 0; path = "upcoming-moviesTests.xctest"; sourceTree = BUILT_PRODUCTS_DIR; };
		4A22CE25203F38F8008E84F9 /* upcoming_moviesTests.swift */ = {isa = PBXFileReference; lastKnownFileType = sourcecode.swift; path = upcoming_moviesTests.swift; sourceTree = "<group>"; };
		4A22CE27203F38F8008E84F9 /* Info.plist */ = {isa = PBXFileReference; lastKnownFileType = text.plist.xml; path = Info.plist; sourceTree = "<group>"; };
		4A22CE30203F412D008E84F9 /* MovieCollectionViewCell.swift */ = {isa = PBXFileReference; lastKnownFileType = sourcecode.swift; path = MovieCollectionViewCell.swift; sourceTree = "<group>"; };
		4A22CE37203F842B008E84F9 /* DownloadFromURL.swift */ = {isa = PBXFileReference; lastKnownFileType = sourcecode.swift; path = DownloadFromURL.swift; sourceTree = "<group>"; };
		4A6A265020441802002A8F4B /* MoviesCollectionActions.swift */ = {isa = PBXFileReference; lastKnownFileType = sourcecode.swift; path = MoviesCollectionActions.swift; sourceTree = "<group>"; };
		4A6A265220441848002A8F4B /* MoviesCollectionReducer.swift */ = {isa = PBXFileReference; lastKnownFileType = sourcecode.swift; path = MoviesCollectionReducer.swift; sourceTree = "<group>"; };
		4A6A265420441872002A8F4B /* MoviesCollectionState.swift */ = {isa = PBXFileReference; lastKnownFileType = sourcecode.swift; path = MoviesCollectionState.swift; sourceTree = "<group>"; };
		4A6EC9182040689400B2F649 /* MovieDetailViewController.swift */ = {isa = PBXFileReference; lastKnownFileType = sourcecode.swift; path = MovieDetailViewController.swift; sourceTree = "<group>"; };
		4ABEE9BC2040B5ED00DD0CCB /* ReSwift.framework */ = {isa = PBXFileReference; explicitFileType = wrapper.framework; path = ReSwift.framework; sourceTree = BUILT_PRODUCTS_DIR; };
		4ABEE9BE2040B90B00DD0CCB /* RootState.swift */ = {isa = PBXFileReference; lastKnownFileType = sourcecode.swift; path = RootState.swift; sourceTree = "<group>"; };
		4ABEE9C02040B93C00DD0CCB /* RootReducer.swift */ = {isa = PBXFileReference; lastKnownFileType = sourcecode.swift; path = RootReducer.swift; sourceTree = "<group>"; };
		4ABEE9C42040BA0D00DD0CCB /* MovieDetailActions.swift */ = {isa = PBXFileReference; lastKnownFileType = sourcecode.swift; path = MovieDetailActions.swift; sourceTree = "<group>"; };
		4ABEE9C62040BBB900DD0CCB /* MovieDetailReducer.swift */ = {isa = PBXFileReference; lastKnownFileType = sourcecode.swift; path = MovieDetailReducer.swift; sourceTree = "<group>"; };
		4ABEE9C82040BC1800DD0CCB /* MovieDetailState.swift */ = {isa = PBXFileReference; lastKnownFileType = sourcecode.swift; path = MovieDetailState.swift; sourceTree = "<group>"; };
		4ABEE9CB2040C20600DD0CCB /* MovieCollectionViewManager.swift */ = {isa = PBXFileReference; lastKnownFileType = sourcecode.swift; path = MovieCollectionViewManager.swift; sourceTree = "<group>"; };
		4ABEE9CD2040C56500DD0CCB /* MoviesRequester.swift */ = {isa = PBXFileReference; lastKnownFileType = sourcecode.swift; path = MoviesRequester.swift; sourceTree = "<group>"; };
		4ABEE9D02040C5D800DD0CCB /* MovieWrapper.swift */ = {isa = PBXFileReference; lastKnownFileType = sourcecode.swift; path = MovieWrapper.swift; sourceTree = "<group>"; };
		4ABEE9D22040C65400DD0CCB /* ResultsPage.swift */ = {isa = PBXFileReference; lastKnownFileType = sourcecode.swift; path = ResultsPage.swift; sourceTree = "<group>"; };
		4AD897FE2041D7FC007E19C7 /* MagicalRecord.framework */ = {isa = PBXFileReference; explicitFileType = wrapper.framework; path = MagicalRecord.framework; sourceTree = BUILT_PRODUCTS_DIR; };
		4AD897FF2041D8AE007E19C7 /* MoviesPersistence.swift */ = {isa = PBXFileReference; lastKnownFileType = sourcecode.swift; path = MoviesPersistence.swift; sourceTree = "<group>"; };
		4AD898022041D95C007E19C7 /* Model.xcdatamodel */ = {isa = PBXFileReference; lastKnownFileType = wrapper.xcdatamodel; path = Model.xcdatamodel; sourceTree = "<group>"; };
		4AD8980C2041DC9F007E19C7 /* Movie+CoreDataClass.swift */ = {isa = PBXFileReference; lastKnownFileType = sourcecode.swift; path = "Movie+CoreDataClass.swift"; sourceTree = "<group>"; };
		4AD8980D2041DC9F007E19C7 /* Movie+CoreDataProperties.swift */ = {isa = PBXFileReference; lastKnownFileType = sourcecode.swift; path = "Movie+CoreDataProperties.swift"; sourceTree = "<group>"; };
		4AD898102041FCA1007E19C7 /* ResultsGenre.swift */ = {isa = PBXFileReference; lastKnownFileType = sourcecode.swift; path = ResultsGenre.swift; sourceTree = "<group>"; };
		4AD898122041FCCE007E19C7 /* GenreWrapper.swift */ = {isa = PBXFileReference; lastKnownFileType = sourcecode.swift; path = GenreWrapper.swift; sourceTree = "<group>"; };
		4AED6A3120442AFD00E7A606 /* MovieContainerView.swift */ = {isa = PBXFileReference; lastKnownFileType = sourcecode.swift; path = MovieContainerView.swift; sourceTree = "<group>"; };
		6FE15AEE705278111EA82BE3 /* Pods_upcoming_movies.framework */ = {isa = PBXFileReference; explicitFileType = wrapper.framework; includeInIndex = 0; path = Pods_upcoming_movies.framework; sourceTree = BUILT_PRODUCTS_DIR; };
		AB0057B38F8B7F12FE203713 /* Pods-upcoming-movies-upcoming-moviesTests.release.xcconfig */ = {isa = PBXFileReference; includeInIndex = 1; lastKnownFileType = text.xcconfig; name = "Pods-upcoming-movies-upcoming-moviesTests.release.xcconfig"; path = "Pods/Target Support Files/Pods-upcoming-movies-upcoming-moviesTests/Pods-upcoming-movies-upcoming-moviesTests.release.xcconfig"; sourceTree = "<group>"; };
		B98500B6C38692AF8EFF6880 /* Pods-upcoming-movies-upcoming-moviesTests.debug.xcconfig */ = {isa = PBXFileReference; includeInIndex = 1; lastKnownFileType = text.xcconfig; name = "Pods-upcoming-movies-upcoming-moviesTests.debug.xcconfig"; path = "Pods/Target Support Files/Pods-upcoming-movies-upcoming-moviesTests/Pods-upcoming-movies-upcoming-moviesTests.debug.xcconfig"; sourceTree = "<group>"; };
		CA02A1FD5A9D91F5556CC1DB /* Pods-upcoming-movies.release.xcconfig */ = {isa = PBXFileReference; includeInIndex = 1; lastKnownFileType = text.xcconfig; name = "Pods-upcoming-movies.release.xcconfig"; path = "Pods/Target Support Files/Pods-upcoming-movies/Pods-upcoming-movies.release.xcconfig"; sourceTree = "<group>"; };
/* End PBXFileReference section */

/* Begin PBXFrameworksBuildPhase section */
		4A22CE0A203F38F8008E84F9 /* Frameworks */ = {
			isa = PBXFrameworksBuildPhase;
			buildActionMask = 2147483647;
			files = (
				4AD897FD2041D7FC007E19C7 /* MagicalRecord.framework in Frameworks */,
				4ABEE9BB2040B5ED00DD0CCB /* ReSwift.framework in Frameworks */,
				D9DC104BB3B7C2480981C513 /* Pods_upcoming_movies.framework in Frameworks */,
			);
			runOnlyForDeploymentPostprocessing = 0;
		};
		4A22CE1E203F38F8008E84F9 /* Frameworks */ = {
			isa = PBXFrameworksBuildPhase;
			buildActionMask = 2147483647;
			files = (
				398760C87FCBE25ECFEE1B90 /* Pods_upcoming_movies_upcoming_moviesTests.framework in Frameworks */,
			);
			runOnlyForDeploymentPostprocessing = 0;
		};
/* End PBXFrameworksBuildPhase section */

/* Begin PBXGroup section */
		4A22CE04203F38F8008E84F9 = {
			isa = PBXGroup;
			children = (
				4A22CE0F203F38F8008E84F9 /* upcoming-movies */,
				4A22CE24203F38F8008E84F9 /* upcoming-moviesTests */,
				4A22CE0E203F38F8008E84F9 /* Products */,
				6C8E68F34BD336E9730F495B /* Pods */,
				994372719BB7611FEB29A9FC /* Frameworks */,
			);
			sourceTree = "<group>";
		};
		4A22CE0E203F38F8008E84F9 /* Products */ = {
			isa = PBXGroup;
			children = (
				4A22CE0D203F38F8008E84F9 /* upcoming-movies.app */,
				4A22CE21203F38F8008E84F9 /* upcoming-moviesTests.xctest */,
			);
			name = Products;
			sourceTree = "<group>";
		};
		4A22CE0F203F38F8008E84F9 /* upcoming-movies */ = {
			isa = PBXGroup;
			children = (
				4AED6A3020442AA800E7A606 /* CustomComponents */,
				4ABEE9D42040E25D00DD0CCB /* Models */,
				4ABEE9CF2040C5CC00DD0CCB /* JSONWrappers */,
				4ABEE9CA2040C18000DD0CCB /* Services */,
				4ABEE9C32040B9B700DD0CCB /* DetailScreen */,
				4ABEE9C22040B99800DD0CCB /* CollectionScreen */,
				4ABEE9BD2040B8F900DD0CCB /* Root */,
				4A22CE36203F841D008E84F9 /* Utils */,
				4A22CE10203F38F8008E84F9 /* AppDelegate.swift */,
				4A22CE14203F38F8008E84F9 /* Main.storyboard */,
				4A22CE17203F38F8008E84F9 /* Assets.xcassets */,
				4AD898012041D95C007E19C7 /* Model.xcdatamodeld */,
				4A22CE19203F38F8008E84F9 /* LaunchScreen.storyboard */,
				4A22CE1C203F38F8008E84F9 /* Info.plist */,
			);
			path = "upcoming-movies";
			sourceTree = "<group>";
		};
		4A22CE24203F38F8008E84F9 /* upcoming-moviesTests */ = {
			isa = PBXGroup;
			children = (
				4A22CE25203F38F8008E84F9 /* upcoming_moviesTests.swift */,
				4A22CE27203F38F8008E84F9 /* Info.plist */,
			);
			path = "upcoming-moviesTests";
			sourceTree = "<group>";
		};
		4A22CE36203F841D008E84F9 /* Utils */ = {
			isa = PBXGroup;
			children = (
				4A22CE37203F842B008E84F9 /* DownloadFromURL.swift */,
			);
			path = Utils;
			sourceTree = "<group>";
		};
		4ABEE9BD2040B8F900DD0CCB /* Root */ = {
			isa = PBXGroup;
			children = (
				4ABEE9BE2040B90B00DD0CCB /* RootState.swift */,
				4ABEE9C02040B93C00DD0CCB /* RootReducer.swift */,
			);
			path = Root;
			sourceTree = "<group>";
		};
		4ABEE9C22040B99800DD0CCB /* CollectionScreen */ = {
			isa = PBXGroup;
			children = (
				4A22CE12203F38F8008E84F9 /* ViewController.swift */,
				4A22CE30203F412D008E84F9 /* MovieCollectionViewCell.swift */,
				4ABEE9CB2040C20600DD0CCB /* MovieCollectionViewManager.swift */,
				4A6A265020441802002A8F4B /* MoviesCollectionActions.swift */,
				4A6A265220441848002A8F4B /* MoviesCollectionReducer.swift */,
				4A6A265420441872002A8F4B /* MoviesCollectionState.swift */,
			);
			path = CollectionScreen;
			sourceTree = "<group>";
		};
		4ABEE9C32040B9B700DD0CCB /* DetailScreen */ = {
			isa = PBXGroup;
			children = (
				4A6EC9182040689400B2F649 /* MovieDetailViewController.swift */,
				4ABEE9C42040BA0D00DD0CCB /* MovieDetailActions.swift */,
				4ABEE9C62040BBB900DD0CCB /* MovieDetailReducer.swift */,
				4ABEE9C82040BC1800DD0CCB /* MovieDetailState.swift */,
			);
			path = DetailScreen;
			sourceTree = "<group>";
		};
		4ABEE9CA2040C18000DD0CCB /* Services */ = {
			isa = PBXGroup;
			children = (
				4ABEE9CD2040C56500DD0CCB /* MoviesRequester.swift */,
				4AD897FF2041D8AE007E19C7 /* MoviesPersistence.swift */,
			);
			path = Services;
			sourceTree = "<group>";
		};
		4ABEE9CF2040C5CC00DD0CCB /* JSONWrappers */ = {
			isa = PBXGroup;
			children = (
				4ABEE9D02040C5D800DD0CCB /* MovieWrapper.swift */,
				4ABEE9D22040C65400DD0CCB /* ResultsPage.swift */,
				4AD898102041FCA1007E19C7 /* ResultsGenre.swift */,
				4AD898122041FCCE007E19C7 /* GenreWrapper.swift */,
			);
			path = JSONWrappers;
			sourceTree = "<group>";
		};
		4ABEE9D42040E25D00DD0CCB /* Models */ = {
			isa = PBXGroup;
			children = (
				4AD8980C2041DC9F007E19C7 /* Movie+CoreDataClass.swift */,
				4AD8980D2041DC9F007E19C7 /* Movie+CoreDataProperties.swift */,
			);
			path = Models;
			sourceTree = "<group>";
		};
		4AED6A3020442AA800E7A606 /* CustomComponents */ = {
			isa = PBXGroup;
			children = (
				4AED6A3120442AFD00E7A606 /* MovieContainerView.swift */,
			);
			path = CustomComponents;
			sourceTree = "<group>";
		};
		6C8E68F34BD336E9730F495B /* Pods */ = {
			isa = PBXGroup;
			children = (
				454BDE74DEB873A00C8D82E6 /* Pods-upcoming-movies.debug.xcconfig */,
				CA02A1FD5A9D91F5556CC1DB /* Pods-upcoming-movies.release.xcconfig */,
				B98500B6C38692AF8EFF6880 /* Pods-upcoming-movies-upcoming-moviesTests.debug.xcconfig */,
				AB0057B38F8B7F12FE203713 /* Pods-upcoming-movies-upcoming-moviesTests.release.xcconfig */,
			);
			name = Pods;
			sourceTree = "<group>";
		};
		994372719BB7611FEB29A9FC /* Frameworks */ = {
			isa = PBXGroup;
			children = (
				4AD897FE2041D7FC007E19C7 /* MagicalRecord.framework */,
				4ABEE9BC2040B5ED00DD0CCB /* ReSwift.framework */,
				6FE15AEE705278111EA82BE3 /* Pods_upcoming_movies.framework */,
				1D3C3D3C49E51488530E35BA /* Pods_upcoming_movies_upcoming_moviesTests.framework */,
			);
			name = Frameworks;
			sourceTree = "<group>";
		};
/* End PBXGroup section */

/* Begin PBXNativeTarget section */
		4A22CE0C203F38F8008E84F9 /* upcoming-movies */ = {
			isa = PBXNativeTarget;
			buildConfigurationList = 4A22CE2A203F38F8008E84F9 /* Build configuration list for PBXNativeTarget "upcoming-movies" */;
			buildPhases = (
				607DD0EDA163F1FDBB865D29 /* [CP] Check Pods Manifest.lock */,
				4A22CE09203F38F8008E84F9 /* Sources */,
				4A22CE0A203F38F8008E84F9 /* Frameworks */,
				4A22CE0B203F38F8008E84F9 /* Resources */,
				BFE3D75FA717E6ABBCC04315 /* [CP] Embed Pods Frameworks */,
				A4F2D4A238F5CD0C4E688863 /* [CP] Copy Pods Resources */,
			);
			buildRules = (
			);
			dependencies = (
			);
			name = "upcoming-movies";
			productName = "upcoming-movies";
			productReference = 4A22CE0D203F38F8008E84F9 /* upcoming-movies.app */;
			productType = "com.apple.product-type.application";
		};
		4A22CE20203F38F8008E84F9 /* upcoming-moviesTests */ = {
			isa = PBXNativeTarget;
			buildConfigurationList = 4A22CE2D203F38F8008E84F9 /* Build configuration list for PBXNativeTarget "upcoming-moviesTests" */;
			buildPhases = (
				C129FA38EF18677019040FC3 /* [CP] Check Pods Manifest.lock */,
				4A22CE1D203F38F8008E84F9 /* Sources */,
				4A22CE1E203F38F8008E84F9 /* Frameworks */,
				4A22CE1F203F38F8008E84F9 /* Resources */,
				C9E79AD8EB057E76205018B1 /* [CP] Embed Pods Frameworks */,
				EB9ADB189D33E237CED859E1 /* [CP] Copy Pods Resources */,
			);
			buildRules = (
			);
			dependencies = (
				4A22CE23203F38F8008E84F9 /* PBXTargetDependency */,
			);
			name = "upcoming-moviesTests";
			productName = "upcoming-moviesTests";
			productReference = 4A22CE21203F38F8008E84F9 /* upcoming-moviesTests.xctest */;
			productType = "com.apple.product-type.bundle.unit-test";
		};
/* End PBXNativeTarget section */

/* Begin PBXProject section */
		4A22CE05203F38F8008E84F9 /* Project object */ = {
			isa = PBXProject;
			attributes = {
				LastSwiftUpdateCheck = 0920;
				LastUpgradeCheck = 0920;
				ORGANIZATIONNAME = "Marcos Schead";
				TargetAttributes = {
					4A22CE0C203F38F8008E84F9 = {
						CreatedOnToolsVersion = 9.2;
						ProvisioningStyle = Automatic;
					};
					4A22CE20203F38F8008E84F9 = {
						CreatedOnToolsVersion = 9.2;
						ProvisioningStyle = Automatic;
						TestTargetID = 4A22CE0C203F38F8008E84F9;
					};
				};
			};
			buildConfigurationList = 4A22CE08203F38F8008E84F9 /* Build configuration list for PBXProject "upcoming-movies" */;
			compatibilityVersion = "Xcode 8.0";
			developmentRegion = en;
			hasScannedForEncodings = 0;
			knownRegions = (
				en,
				Base,
			);
			mainGroup = 4A22CE04203F38F8008E84F9;
			productRefGroup = 4A22CE0E203F38F8008E84F9 /* Products */;
			projectDirPath = "";
			projectRoot = "";
			targets = (
				4A22CE0C203F38F8008E84F9 /* upcoming-movies */,
				4A22CE20203F38F8008E84F9 /* upcoming-moviesTests */,
			);
		};
/* End PBXProject section */

/* Begin PBXResourcesBuildPhase section */
		4A22CE0B203F38F8008E84F9 /* Resources */ = {
			isa = PBXResourcesBuildPhase;
			buildActionMask = 2147483647;
			files = (
				4A22CE1B203F38F8008E84F9 /* LaunchScreen.storyboard in Resources */,
				4A22CE18203F38F8008E84F9 /* Assets.xcassets in Resources */,
				4A22CE16203F38F8008E84F9 /* Main.storyboard in Resources */,
			);
			runOnlyForDeploymentPostprocessing = 0;
		};
		4A22CE1F203F38F8008E84F9 /* Resources */ = {
			isa = PBXResourcesBuildPhase;
			buildActionMask = 2147483647;
			files = (
			);
			runOnlyForDeploymentPostprocessing = 0;
		};
/* End PBXResourcesBuildPhase section */

/* Begin PBXShellScriptBuildPhase section */
		607DD0EDA163F1FDBB865D29 /* [CP] Check Pods Manifest.lock */ = {
			isa = PBXShellScriptBuildPhase;
			buildActionMask = 2147483647;
			files = (
			);
			inputPaths = (
				"${PODS_PODFILE_DIR_PATH}/Podfile.lock",
				"${PODS_ROOT}/Manifest.lock",
			);
			name = "[CP] Check Pods Manifest.lock";
			outputPaths = (
				"$(DERIVED_FILE_DIR)/Pods-upcoming-movies-checkManifestLockResult.txt",
			);
			runOnlyForDeploymentPostprocessing = 0;
			shellPath = /bin/sh;
			shellScript = "diff \"${PODS_PODFILE_DIR_PATH}/Podfile.lock\" \"${PODS_ROOT}/Manifest.lock\" > /dev/null\nif [ $? != 0 ] ; then\n    # print error to STDERR\n    echo \"error: The sandbox is not in sync with the Podfile.lock. Run 'pod install' or update your CocoaPods installation.\" >&2\n    exit 1\nfi\n# This output is used by Xcode 'outputs' to avoid re-running this script phase.\necho \"SUCCESS\" > \"${SCRIPT_OUTPUT_FILE_0}\"\n";
			showEnvVarsInLog = 0;
		};
		A4F2D4A238F5CD0C4E688863 /* [CP] Copy Pods Resources */ = {
			isa = PBXShellScriptBuildPhase;
			buildActionMask = 2147483647;
			files = (
			);
			inputPaths = (
			);
			name = "[CP] Copy Pods Resources";
			outputPaths = (
			);
			runOnlyForDeploymentPostprocessing = 0;
			shellPath = /bin/sh;
			shellScript = "\"${SRCROOT}/Pods/Target Support Files/Pods-upcoming-movies/Pods-upcoming-movies-resources.sh\"\n";
			showEnvVarsInLog = 0;
		};
		BFE3D75FA717E6ABBCC04315 /* [CP] Embed Pods Frameworks */ = {
			isa = PBXShellScriptBuildPhase;
			buildActionMask = 2147483647;
			files = (
			);
			inputPaths = (
				"${SRCROOT}/Pods/Target Support Files/Pods-upcoming-movies/Pods-upcoming-movies-frameworks.sh",
				"${BUILT_PRODUCTS_DIR}/MagicalRecord/MagicalRecord.framework",
				"${BUILT_PRODUCTS_DIR}/ReSwift/ReSwift.framework",
			);
			name = "[CP] Embed Pods Frameworks";
			outputPaths = (
				"${TARGET_BUILD_DIR}/${FRAMEWORKS_FOLDER_PATH}/MagicalRecord.framework",
				"${TARGET_BUILD_DIR}/${FRAMEWORKS_FOLDER_PATH}/ReSwift.framework",
			);
			runOnlyForDeploymentPostprocessing = 0;
			shellPath = /bin/sh;
			shellScript = "\"${SRCROOT}/Pods/Target Support Files/Pods-upcoming-movies/Pods-upcoming-movies-frameworks.sh\"\n";
			showEnvVarsInLog = 0;
		};
		C129FA38EF18677019040FC3 /* [CP] Check Pods Manifest.lock */ = {
			isa = PBXShellScriptBuildPhase;
			buildActionMask = 2147483647;
			files = (
			);
			inputPaths = (
				"${PODS_PODFILE_DIR_PATH}/Podfile.lock",
				"${PODS_ROOT}/Manifest.lock",
			);
			name = "[CP] Check Pods Manifest.lock";
			outputPaths = (
				"$(DERIVED_FILE_DIR)/Pods-upcoming-movies-upcoming-moviesTests-checkManifestLockResult.txt",
			);
			runOnlyForDeploymentPostprocessing = 0;
			shellPath = /bin/sh;
			shellScript = "diff \"${PODS_PODFILE_DIR_PATH}/Podfile.lock\" \"${PODS_ROOT}/Manifest.lock\" > /dev/null\nif [ $? != 0 ] ; then\n    # print error to STDERR\n    echo \"error: The sandbox is not in sync with the Podfile.lock. Run 'pod install' or update your CocoaPods installation.\" >&2\n    exit 1\nfi\n# This output is used by Xcode 'outputs' to avoid re-running this script phase.\necho \"SUCCESS\" > \"${SCRIPT_OUTPUT_FILE_0}\"\n";
			showEnvVarsInLog = 0;
		};
		C9E79AD8EB057E76205018B1 /* [CP] Embed Pods Frameworks */ = {
			isa = PBXShellScriptBuildPhase;
			buildActionMask = 2147483647;
			files = (
			);
			inputPaths = (
				"${SRCROOT}/Pods/Target Support Files/Pods-upcoming-movies-upcoming-moviesTests/Pods-upcoming-movies-upcoming-moviesTests-frameworks.sh",
				"${BUILT_PRODUCTS_DIR}/MagicalRecord/MagicalRecord.framework",
				"${BUILT_PRODUCTS_DIR}/ReSwift/ReSwift.framework",
			);
			name = "[CP] Embed Pods Frameworks";
			outputPaths = (
				"${TARGET_BUILD_DIR}/${FRAMEWORKS_FOLDER_PATH}/MagicalRecord.framework",
				"${TARGET_BUILD_DIR}/${FRAMEWORKS_FOLDER_PATH}/ReSwift.framework",
			);
			runOnlyForDeploymentPostprocessing = 0;
			shellPath = /bin/sh;
			shellScript = "\"${SRCROOT}/Pods/Target Support Files/Pods-upcoming-movies-upcoming-moviesTests/Pods-upcoming-movies-upcoming-moviesTests-frameworks.sh\"\n";
			showEnvVarsInLog = 0;
		};
		EB9ADB189D33E237CED859E1 /* [CP] Copy Pods Resources */ = {
			isa = PBXShellScriptBuildPhase;
			buildActionMask = 2147483647;
			files = (
			);
			inputPaths = (
			);
			name = "[CP] Copy Pods Resources";
			outputPaths = (
			);
			runOnlyForDeploymentPostprocessing = 0;
			shellPath = /bin/sh;
			shellScript = "\"${SRCROOT}/Pods/Target Support Files/Pods-upcoming-movies-upcoming-moviesTests/Pods-upcoming-movies-upcoming-moviesTests-resources.sh\"\n";
			showEnvVarsInLog = 0;
		};
/* End PBXShellScriptBuildPhase section */

/* Begin PBXSourcesBuildPhase section */
		4A22CE09203F38F8008E84F9 /* Sources */ = {
			isa = PBXSourcesBuildPhase;
			buildActionMask = 2147483647;
			files = (
				4A22CE31203F412D008E84F9 /* MovieCollectionViewCell.swift in Sources */,
				4A6A265120441802002A8F4B /* MoviesCollectionActions.swift in Sources */,
				4A22CE38203F842B008E84F9 /* DownloadFromURL.swift in Sources */,
				4ABEE9D12040C5D800DD0CCB /* MovieWrapper.swift in Sources */,
				4ABEE9C52040BA0D00DD0CCB /* MovieDetailActions.swift in Sources */,
				4A6A265520441872002A8F4B /* MoviesCollectionState.swift in Sources */,
				4AD8980F2041DC9F007E19C7 /* Movie+CoreDataProperties.swift in Sources */,
				4A22CE13203F38F8008E84F9 /* ViewController.swift in Sources */,
				4A6A265320441848002A8F4B /* MoviesCollectionReducer.swift in Sources */,
				4ABEE9C72040BBB900DD0CCB /* MovieDetailReducer.swift in Sources */,
				4A6EC9192040689400B2F649 /* MovieDetailViewController.swift in Sources */,
				4ABEE9CC2040C20600DD0CCB /* MovieCollectionViewManager.swift in Sources */,
				4AD898032041D95C007E19C7 /* Model.xcdatamodeld in Sources */,
				4A22CE11203F38F8008E84F9 /* AppDelegate.swift in Sources */,
				4AD898132041FCCE007E19C7 /* GenreWrapper.swift in Sources */,
				4AD898002041D8AE007E19C7 /* MoviesPersistence.swift in Sources */,
				4ABEE9D32040C65400DD0CCB /* ResultsPage.swift in Sources */,
				4AED6A3220442AFD00E7A606 /* MovieContainerView.swift in Sources */,
				4AD8980E2041DC9F007E19C7 /* Movie+CoreDataClass.swift in Sources */,
				4ABEE9C92040BC1800DD0CCB /* MovieDetailState.swift in Sources */,
				4AD898112041FCA1007E19C7 /* ResultsGenre.swift in Sources */,
				4ABEE9C12040B93C00DD0CCB /* RootReducer.swift in Sources */,
				4ABEE9CE2040C56500DD0CCB /* MoviesRequester.swift in Sources */,
				4ABEE9BF2040B90B00DD0CCB /* RootState.swift in Sources */,
			);
			runOnlyForDeploymentPostprocessing = 0;
		};
		4A22CE1D203F38F8008E84F9 /* Sources */ = {
			isa = PBXSourcesBuildPhase;
			buildActionMask = 2147483647;
			files = (
				4A22CE26203F38F8008E84F9 /* upcoming_moviesTests.swift in Sources */,
			);
			runOnlyForDeploymentPostprocessing = 0;
		};
/* End PBXSourcesBuildPhase section */

/* Begin PBXTargetDependency section */
		4A22CE23203F38F8008E84F9 /* PBXTargetDependency */ = {
			isa = PBXTargetDependency;
			target = 4A22CE0C203F38F8008E84F9 /* upcoming-movies */;
			targetProxy = 4A22CE22203F38F8008E84F9 /* PBXContainerItemProxy */;
		};
/* End PBXTargetDependency section */

/* Begin PBXVariantGroup section */
		4A22CE14203F38F8008E84F9 /* Main.storyboard */ = {
			isa = PBXVariantGroup;
			children = (
				4A22CE15203F38F8008E84F9 /* Base */,
			);
			name = Main.storyboard;
			sourceTree = "<group>";
		};
		4A22CE19203F38F8008E84F9 /* LaunchScreen.storyboard */ = {
			isa = PBXVariantGroup;
			children = (
				4A22CE1A203F38F8008E84F9 /* Base */,
			);
			name = LaunchScreen.storyboard;
			sourceTree = "<group>";
		};
/* End PBXVariantGroup section */

/* Begin XCBuildConfiguration section */
		4A22CE28203F38F8008E84F9 /* Debug */ = {
			isa = XCBuildConfiguration;
			buildSettings = {
				ALWAYS_SEARCH_USER_PATHS = NO;
				CLANG_ANALYZER_NONNULL = YES;
				CLANG_ANALYZER_NUMBER_OBJECT_CONVERSION = YES_AGGRESSIVE;
				CLANG_CXX_LANGUAGE_STANDARD = "gnu++14";
				CLANG_CXX_LIBRARY = "libc++";
				CLANG_ENABLE_MODULES = YES;
				CLANG_ENABLE_OBJC_ARC = YES;
				CLANG_WARN_BLOCK_CAPTURE_AUTORELEASING = YES;
				CLANG_WARN_BOOL_CONVERSION = YES;
				CLANG_WARN_COMMA = YES;
				CLANG_WARN_CONSTANT_CONVERSION = YES;
				CLANG_WARN_DIRECT_OBJC_ISA_USAGE = YES_ERROR;
				CLANG_WARN_DOCUMENTATION_COMMENTS = YES;
				CLANG_WARN_EMPTY_BODY = YES;
				CLANG_WARN_ENUM_CONVERSION = YES;
				CLANG_WARN_INFINITE_RECURSION = YES;
				CLANG_WARN_INT_CONVERSION = YES;
				CLANG_WARN_NON_LITERAL_NULL_CONVERSION = YES;
				CLANG_WARN_OBJC_LITERAL_CONVERSION = YES;
				CLANG_WARN_OBJC_ROOT_CLASS = YES_ERROR;
				CLANG_WARN_RANGE_LOOP_ANALYSIS = YES;
				CLANG_WARN_STRICT_PROTOTYPES = YES;
				CLANG_WARN_SUSPICIOUS_MOVE = YES;
				CLANG_WARN_UNGUARDED_AVAILABILITY = YES_AGGRESSIVE;
				CLANG_WARN_UNREACHABLE_CODE = YES;
				CLANG_WARN__DUPLICATE_METHOD_MATCH = YES;
				CODE_SIGN_IDENTITY = "iPhone Developer";
				COPY_PHASE_STRIP = NO;
				DEBUG_INFORMATION_FORMAT = dwarf;
				ENABLE_STRICT_OBJC_MSGSEND = YES;
				ENABLE_TESTABILITY = YES;
				GCC_C_LANGUAGE_STANDARD = gnu11;
				GCC_DYNAMIC_NO_PIC = NO;
				GCC_NO_COMMON_BLOCKS = YES;
				GCC_OPTIMIZATION_LEVEL = 0;
				GCC_PREPROCESSOR_DEFINITIONS = (
					"DEBUG=1",
					"$(inherited)",
				);
				GCC_WARN_64_TO_32_BIT_CONVERSION = YES;
				GCC_WARN_ABOUT_RETURN_TYPE = YES_ERROR;
				GCC_WARN_UNDECLARED_SELECTOR = YES;
				GCC_WARN_UNINITIALIZED_AUTOS = YES_AGGRESSIVE;
				GCC_WARN_UNUSED_FUNCTION = YES;
				GCC_WARN_UNUSED_VARIABLE = YES;
				IPHONEOS_DEPLOYMENT_TARGET = 11.2;
				MTL_ENABLE_DEBUG_INFO = YES;
				ONLY_ACTIVE_ARCH = YES;
				SDKROOT = iphoneos;
				SWIFT_ACTIVE_COMPILATION_CONDITIONS = DEBUG;
				SWIFT_OPTIMIZATION_LEVEL = "-Onone";
			};
			name = Debug;
		};
		4A22CE29203F38F8008E84F9 /* Release */ = {
			isa = XCBuildConfiguration;
			buildSettings = {
				ALWAYS_SEARCH_USER_PATHS = NO;
				CLANG_ANALYZER_NONNULL = YES;
				CLANG_ANALYZER_NUMBER_OBJECT_CONVERSION = YES_AGGRESSIVE;
				CLANG_CXX_LANGUAGE_STANDARD = "gnu++14";
				CLANG_CXX_LIBRARY = "libc++";
				CLANG_ENABLE_MODULES = YES;
				CLANG_ENABLE_OBJC_ARC = YES;
				CLANG_WARN_BLOCK_CAPTURE_AUTORELEASING = YES;
				CLANG_WARN_BOOL_CONVERSION = YES;
				CLANG_WARN_COMMA = YES;
				CLANG_WARN_CONSTANT_CONVERSION = YES;
				CLANG_WARN_DIRECT_OBJC_ISA_USAGE = YES_ERROR;
				CLANG_WARN_DOCUMENTATION_COMMENTS = YES;
				CLANG_WARN_EMPTY_BODY = YES;
				CLANG_WARN_ENUM_CONVERSION = YES;
				CLANG_WARN_INFINITE_RECURSION = YES;
				CLANG_WARN_INT_CONVERSION = YES;
				CLANG_WARN_NON_LITERAL_NULL_CONVERSION = YES;
				CLANG_WARN_OBJC_LITERAL_CONVERSION = YES;
				CLANG_WARN_OBJC_ROOT_CLASS = YES_ERROR;
				CLANG_WARN_RANGE_LOOP_ANALYSIS = YES;
				CLANG_WARN_STRICT_PROTOTYPES = YES;
				CLANG_WARN_SUSPICIOUS_MOVE = YES;
				CLANG_WARN_UNGUARDED_AVAILABILITY = YES_AGGRESSIVE;
				CLANG_WARN_UNREACHABLE_CODE = YES;
				CLANG_WARN__DUPLICATE_METHOD_MATCH = YES;
				CODE_SIGN_IDENTITY = "iPhone Developer";
				COPY_PHASE_STRIP = NO;
				DEBUG_INFORMATION_FORMAT = "dwarf-with-dsym";
				ENABLE_NS_ASSERTIONS = NO;
				ENABLE_STRICT_OBJC_MSGSEND = YES;
				GCC_C_LANGUAGE_STANDARD = gnu11;
				GCC_NO_COMMON_BLOCKS = YES;
				GCC_WARN_64_TO_32_BIT_CONVERSION = YES;
				GCC_WARN_ABOUT_RETURN_TYPE = YES_ERROR;
				GCC_WARN_UNDECLARED_SELECTOR = YES;
				GCC_WARN_UNINITIALIZED_AUTOS = YES_AGGRESSIVE;
				GCC_WARN_UNUSED_FUNCTION = YES;
				GCC_WARN_UNUSED_VARIABLE = YES;
				IPHONEOS_DEPLOYMENT_TARGET = 11.2;
				MTL_ENABLE_DEBUG_INFO = NO;
				SDKROOT = iphoneos;
				SWIFT_OPTIMIZATION_LEVEL = "-Owholemodule";
				VALIDATE_PRODUCT = YES;
			};
			name = Release;
		};
		4A22CE2B203F38F8008E84F9 /* Debug */ = {
			isa = XCBuildConfiguration;
			baseConfigurationReference = 454BDE74DEB873A00C8D82E6 /* Pods-upcoming-movies.debug.xcconfig */;
			buildSettings = {
				ASSETCATALOG_COMPILER_APPICON_NAME = AppIcon;
				CODE_SIGN_STYLE = Automatic;
				INFOPLIST_FILE = "upcoming-movies/Info.plist";
				LD_RUNPATH_SEARCH_PATHS = "$(inherited) @executable_path/Frameworks";
				PRODUCT_BUNDLE_IDENTIFIER = "com.schead.upcoming-movies";
				PRODUCT_NAME = "$(TARGET_NAME)";
				SWIFT_VERSION = 4.0;
				TARGETED_DEVICE_FAMILY = "1,2";
			};
			name = Debug;
		};
		4A22CE2C203F38F8008E84F9 /* Release */ = {
			isa = XCBuildConfiguration;
			baseConfigurationReference = CA02A1FD5A9D91F5556CC1DB /* Pods-upcoming-movies.release.xcconfig */;
			buildSettings = {
				ASSETCATALOG_COMPILER_APPICON_NAME = AppIcon;
				CODE_SIGN_STYLE = Automatic;
				INFOPLIST_FILE = "upcoming-movies/Info.plist";
				LD_RUNPATH_SEARCH_PATHS = "$(inherited) @executable_path/Frameworks";
				PRODUCT_BUNDLE_IDENTIFIER = "com.schead.upcoming-movies";
				PRODUCT_NAME = "$(TARGET_NAME)";
				SWIFT_VERSION = 4.0;
				TARGETED_DEVICE_FAMILY = "1,2";
			};
			name = Release;
		};
		4A22CE2E203F38F8008E84F9 /* Debug */ = {
			isa = XCBuildConfiguration;
			baseConfigurationReference = B98500B6C38692AF8EFF6880 /* Pods-upcoming-movies-upcoming-moviesTests.debug.xcconfig */;
			buildSettings = {
				ALWAYS_EMBED_SWIFT_STANDARD_LIBRARIES = YES;
				BUNDLE_LOADER = "$(TEST_HOST)";
				CODE_SIGN_STYLE = Automatic;
				INFOPLIST_FILE = "upcoming-moviesTests/Info.plist";
				LD_RUNPATH_SEARCH_PATHS = "$(inherited) @executable_path/Frameworks @loader_path/Frameworks";
				PRODUCT_BUNDLE_IDENTIFIER = "com.schead.upcoming-moviesTests";
				PRODUCT_NAME = "$(TARGET_NAME)";
				SWIFT_VERSION = 4.0;
				TARGETED_DEVICE_FAMILY = "1,2";
				TEST_HOST = "$(BUILT_PRODUCTS_DIR)/upcoming-movies.app/upcoming-movies";
			};
			name = Debug;
		};
		4A22CE2F203F38F8008E84F9 /* Release */ = {
			isa = XCBuildConfiguration;
			baseConfigurationReference = AB0057B38F8B7F12FE203713 /* Pods-upcoming-movies-upcoming-moviesTests.release.xcconfig */;
			buildSettings = {
				ALWAYS_EMBED_SWIFT_STANDARD_LIBRARIES = YES;
				BUNDLE_LOADER = "$(TEST_HOST)";
				CODE_SIGN_STYLE = Automatic;
				INFOPLIST_FILE = "upcoming-moviesTests/Info.plist";
				LD_RUNPATH_SEARCH_PATHS = "$(inherited) @executable_path/Frameworks @loader_path/Frameworks";
				PRODUCT_BUNDLE_IDENTIFIER = "com.schead.upcoming-moviesTests";
				PRODUCT_NAME = "$(TARGET_NAME)";
				SWIFT_VERSION = 4.0;
				TARGETED_DEVICE_FAMILY = "1,2";
				TEST_HOST = "$(BUILT_PRODUCTS_DIR)/upcoming-movies.app/upcoming-movies";
			};
			name = Release;
		};
/* End XCBuildConfiguration section */

/* Begin XCConfigurationList section */
		4A22CE08203F38F8008E84F9 /* Build configuration list for PBXProject "upcoming-movies" */ = {
			isa = XCConfigurationList;
			buildConfigurations = (
				4A22CE28203F38F8008E84F9 /* Debug */,
				4A22CE29203F38F8008E84F9 /* Release */,
			);
			defaultConfigurationIsVisible = 0;
			defaultConfigurationName = Release;
		};
		4A22CE2A203F38F8008E84F9 /* Build configuration list for PBXNativeTarget "upcoming-movies" */ = {
			isa = XCConfigurationList;
			buildConfigurations = (
				4A22CE2B203F38F8008E84F9 /* Debug */,
				4A22CE2C203F38F8008E84F9 /* Release */,
			);
			defaultConfigurationIsVisible = 0;
			defaultConfigurationName = Release;
		};
		4A22CE2D203F38F8008E84F9 /* Build configuration list for PBXNativeTarget "upcoming-moviesTests" */ = {
			isa = XCConfigurationList;
			buildConfigurations = (
				4A22CE2E203F38F8008E84F9 /* Debug */,
				4A22CE2F203F38F8008E84F9 /* Release */,
			);
			defaultConfigurationIsVisible = 0;
			defaultConfigurationName = Release;
		};
/* End XCConfigurationList section */

/* Begin XCVersionGroup section */
		4AD898012041D95C007E19C7 /* Model.xcdatamodeld */ = {
			isa = XCVersionGroup;
			children = (
				4AD898022041D95C007E19C7 /* Model.xcdatamodel */,
			);
			currentVersion = 4AD898022041D95C007E19C7 /* Model.xcdatamodel */;
			path = Model.xcdatamodeld;
			sourceTree = "<group>";
			versionGroupType = wrapper.xcdatamodel;
		};
/* End XCVersionGroup section */
	};
	rootObject = 4A22CE05203F38F8008E84F9 /* Project object */;
}
